
Microsoft Visual Studio Solution File, Format Version 12.00
# Visual Studio Version 17
VisualStudioVersion = 17.4.33205.214
MinimumVisualStudioVersion = 10.0.40219.1
Project("{FAE04EC0-301F-11D3-BF4B-00C04F79EFBC}") = "AWSMountDrive", "AWSMountDrive\AWSMountDrive.csproj", "{A570A81C-1406-4E76-9F56-45B9EFEA6ED8}"
EndProject
Global
	GlobalSection(SolutionConfigurationPlatforms) = preSolution
		Debug|Any CPU = Debug|Any CPU
		Release|Any CPU = Release|Any CPU
	EndGlobalSection
	GlobalSection(ProjectConfigurationPlatforms) = postSolution
		{A570A81C-1406-4E76-9F56-45B9EFEA6ED8}.Debug|Any CPU.ActiveCfg = Debug|Any CPU
		{A570A81C-1406-4E76-9F56-45B9EFEA6ED8}.Debug|Any CPU.Build.0 = Debug|Any CPU
		{A570A81C-1406-4E76-9F56-45B9EFEA6ED8}.Release|Any CPU.ActiveCfg = Release|Any CPU
		{A570A81C-1406-4E76-9F56-45B9EFEA6ED8}.Release|Any CPU.Build.0 = Release|Any CPU
	EndGlobalSection
	GlobalSection(SolutionProperties) = preSolution
		HideSolutionNode = FALSE
	EndGlobalSection
	GlobalSection(ExtensibilityGlobals) = postSolution
		SolutionGuid = {F0F6EAF7-C100-4357-BB0F-21A9FA182157}
	EndGlobalSection
EndGlobal
